// !$*UTF8*$!
{
	archiveVersion = 1;
	classes = {
	};
	objectVersion = 70;
	objects = {

/* Begin PBXBuildFile section */
		F3085E792DC664CA00D98846 /* nutrients.json in Resources */ = {isa = PBXBuildFile; fileRef = F3085E782DC664CA00D98846 /* nutrients.json */; };
		F3085E972DC67D8D00D98846 /* Config.swift in Sources */ = {isa = PBXBuildFile; fileRef = F3085E962DC67D8D00D98846 /* Config.swift */; };
		F3085E9C2DC7637900D98846 /* LICENSE in Resources */ = {isa = PBXBuildFile; fileRef = F3085E9A2DC7637900D98846 /* LICENSE */; };
		F3085E9D2DC7637900D98846 /* README.md in Resources */ = {isa = PBXBuildFile; fileRef = F3085E9B2DC7637900D98846 /* README.md */; };
		F397983E2736757100E51781 /* Kartoshka_proApp.swift in Sources */ = {isa = PBXBuildFile; fileRef = F397983D2736757100E51781 /* Kartoshka_proApp.swift */; };
		F39798422736757300E51781 /* Assets.xcassets in Resources */ = {isa = PBXBuildFile; fileRef = F39798412736757300E51781 /* Assets.xcassets */; };
		F39798452736757300E51781 /* Preview Assets.xcassets in Resources */ = {isa = PBXBuildFile; fileRef = F39798442736757300E51781 /* Preview Assets.xcassets */; };
/* End PBXBuildFile section */

/* Begin PBXContainerItemProxy section */
		F3085F0B2DC7A93500D98846 /* PBXContainerItemProxy */ = {
			isa = PBXContainerItemProxy;
			containerPortal = F39798322736757100E51781 /* Project object */;
			proxyType = 1;
			remoteGlobalIDString = F39798392736757100E51781;
			remoteInfo = "Kartoshka pro";
		};
/* End PBXContainerItemProxy section */

/* Begin PBXFileReference section */
		F3085E782DC664CA00D98846 /* nutrients.json */ = {isa = PBXFileReference; lastKnownFileType = text.json; path = nutrients.json; sourceTree = "<group>"; };
		F3085E962DC67D8D00D98846 /* Config.swift */ = {isa = PBXFileReference; lastKnownFileType = sourcecode.swift; path = Config.swift; sourceTree = "<group>"; };
		F3085E9A2DC7637900D98846 /* LICENSE */ = {isa = PBXFileReference; lastKnownFileType = text; path = LICENSE; sourceTree = "<group>"; };
		F3085E9B2DC7637900D98846 /* README.md */ = {isa = PBXFileReference; lastKnownFileType = net.daringfireball.markdown; path = README.md; sourceTree = "<group>"; };
		F3085EFF2DC7A85A00D98846 /* XCTest.framework */ = {isa = PBXFileReference; lastKnownFileType = wrapper.framework; name = XCTest.framework; path = Platforms/iPhoneOS.platform/Developer/Library/Frameworks/XCTest.framework; sourceTree = DEVELOPER_DIR; };
		F3085F052DC7A93500D98846 /* Kartoshka proUITests.xctest */ = {isa = PBXFileReference; explicitFileType = wrapper.cfbundle; includeInIndex = 0; path = "Kartoshka proUITests.xctest"; sourceTree = BUILT_PRODUCTS_DIR; };
		F397983A2736757100E51781 /* Kartoshka pro.app */ = {isa = PBXFileReference; explicitFileType = wrapper.application; includeInIndex = 0; path = "Kartoshka pro.app"; sourceTree = BUILT_PRODUCTS_DIR; };
		F397983D2736757100E51781 /* Kartoshka_proApp.swift */ = {isa = PBXFileReference; lastKnownFileType = sourcecode.swift; path = Kartoshka_proApp.swift; sourceTree = "<group>"; };
		F39798412736757300E51781 /* Assets.xcassets */ = {isa = PBXFileReference; lastKnownFileType = folder.assetcatalog; path = Assets.xcassets; sourceTree = "<group>"; };
		F39798442736757300E51781 /* Preview Assets.xcassets */ = {isa = PBXFileReference; lastKnownFileType = folder.assetcatalog; path = "Preview Assets.xcassets"; sourceTree = "<group>"; };
/* End PBXFileReference section */

/* Begin PBXFileSystemSynchronizedRootGroup section */
		F3085E772DC6634F00D98846 /* Views */ = {isa = PBXFileSystemSynchronizedRootGroup; explicitFileTypes = {}; explicitFolders = (); path = Views; sourceTree = "<group>"; };
		F3085E7A2DC6651300D98846 /* Extensions */ = {isa = PBXFileSystemSynchronizedRootGroup; explicitFileTypes = {}; explicitFolders = (); path = Extensions; sourceTree = "<group>"; };
		F3085E7E2DC6656D00D98846 /* Models */ = {isa = PBXFileSystemSynchronizedRootGroup; explicitFileTypes = {}; explicitFolders = (); path = Models; sourceTree = "<group>"; };
		F3085E842DC676B000D98846 /* ViewModels */ = {isa = PBXFileSystemSynchronizedRootGroup; explicitFileTypes = {}; explicitFolders = (); path = ViewModels; sourceTree = "<group>"; };
		F3085ED42DC7736E00D98846 /* Repositories */ = {isa = PBXFileSystemSynchronizedRootGroup; explicitFileTypes = {}; explicitFolders = (); path = Repositories; sourceTree = "<group>"; };
		F3085ED72DC7742B00D98846 /* Utils */ = {isa = PBXFileSystemSynchronizedRootGroup; explicitFileTypes = {}; explicitFolders = (); path = Utils; sourceTree = "<group>"; };
		F3085F062DC7A93500D98846 /* Kartoshka proUITests */ = {isa = PBXFileSystemSynchronizedRootGroup; explicitFileTypes = {}; explicitFolders = (); path = "Kartoshka proUITests"; sourceTree = "<group>"; };
/* End PBXFileSystemSynchronizedRootGroup section */

/* Begin PBXFrameworksBuildPhase section */
		F3085F022DC7A93500D98846 /* Frameworks */ = {
			isa = PBXFrameworksBuildPhase;
			buildActionMask = 2147483647;
			files = (
			);
			runOnlyForDeploymentPostprocessing = 0;
		};
		F39798372736757100E51781 /* Frameworks */ = {
			isa = PBXFrameworksBuildPhase;
			buildActionMask = 2147483647;
			files = (
			);
			runOnlyForDeploymentPostprocessing = 0;
		};
/* End PBXFrameworksBuildPhase section */

/* Begin PBXGroup section */
		F3085EFE2DC7A85A00D98846 /* Frameworks */ = {
			isa = PBXGroup;
			children = (
				F3085EFF2DC7A85A00D98846 /* XCTest.framework */,
			);
			name = Frameworks;
			sourceTree = "<group>";
		};
		F39798312736757100E51781 = {
			isa = PBXGroup;
			children = (
				F3085E9A2DC7637900D98846 /* LICENSE */,
				F3085E9B2DC7637900D98846 /* README.md */,
				F397983C2736757100E51781 /* Kartoshka pro */,
				F3085F062DC7A93500D98846 /* Kartoshka proUITests */,
				F3085EFE2DC7A85A00D98846 /* Frameworks */,
				F397983B2736757100E51781 /* Products */,
			);
			sourceTree = "<group>";
		};
		F397983B2736757100E51781 /* Products */ = {
			isa = PBXGroup;
			children = (
				F397983A2736757100E51781 /* Kartoshka pro.app */,
				F3085F052DC7A93500D98846 /* Kartoshka proUITests.xctest */,
			);
			name = Products;
			sourceTree = "<group>";
		};
		F397983C2736757100E51781 /* Kartoshka pro */ = {
			isa = PBXGroup;
			children = (
				F3085ED72DC7742B00D98846 /* Utils */,
				F3085ED42DC7736E00D98846 /* Repositories */,
				F3085E962DC67D8D00D98846 /* Config.swift */,
				F3085E842DC676B000D98846 /* ViewModels */,
				F3085E7E2DC6656D00D98846 /* Models */,
				F3085E7A2DC6651300D98846 /* Extensions */,
				F3085E772DC6634F00D98846 /* Views */,
				F397983D2736757100E51781 /* Kartoshka_proApp.swift */,
				F39798412736757300E51781 /* Assets.xcassets */,
				F39798432736757300E51781 /* Preview Content */,
				F3085E782DC664CA00D98846 /* nutrients.json */,
			);
			path = "Kartoshka pro";
			sourceTree = "<group>";
		};
		F39798432736757300E51781 /* Preview Content */ = {
			isa = PBXGroup;
			children = (
				F39798442736757300E51781 /* Preview Assets.xcassets */,
			);
			path = "Preview Content";
			sourceTree = "<group>";
		};
/* End PBXGroup section */

/* Begin PBXNativeTarget section */
		F3085F042DC7A93500D98846 /* Kartoshka proUITests */ = {
			isa = PBXNativeTarget;
			buildConfigurationList = F3085F0D2DC7A93500D98846 /* Build configuration list for PBXNativeTarget "Kartoshka proUITests" */;
			buildPhases = (
				F3085F012DC7A93500D98846 /* Sources */,
				F3085F022DC7A93500D98846 /* Frameworks */,
				F3085F032DC7A93500D98846 /* Resources */,
			);
			buildRules = (
			);
			dependencies = (
				F3085F0C2DC7A93500D98846 /* PBXTargetDependency */,
			);
			fileSystemSynchronizedGroups = (
				F3085F062DC7A93500D98846 /* Kartoshka proUITests */,
			);
			name = "Kartoshka proUITests";
			packageProductDependencies = (
			);
			productName = "Kartoshka proUITests";
			productReference = F3085F052DC7A93500D98846 /* Kartoshka proUITests.xctest */;
			productType = "com.apple.product-type.bundle.ui-testing";
		};
		F39798392736757100E51781 /* Kartoshka pro */ = {
			isa = PBXNativeTarget;
			buildConfigurationList = F39798482736757300E51781 /* Build configuration list for PBXNativeTarget "Kartoshka pro" */;
			buildPhases = (
				F39798362736757100E51781 /* Sources */,
				F39798372736757100E51781 /* Frameworks */,
				F39798382736757100E51781 /* Resources */,
			);
			buildRules = (
			);
			dependencies = (
			);
			fileSystemSynchronizedGroups = (
				F3085E772DC6634F00D98846 /* Views */,
				F3085E7A2DC6651300D98846 /* Extensions */,
				F3085E7E2DC6656D00D98846 /* Models */,
				F3085E842DC676B000D98846 /* ViewModels */,
				F3085ED42DC7736E00D98846 /* Repositories */,
				F3085ED72DC7742B00D98846 /* Utils */,
			);
			name = "Kartoshka pro";
			productName = "Kartoshka pro";
			productReference = F397983A2736757100E51781 /* Kartoshka pro.app */;
			productType = "com.apple.product-type.application";
		};
/* End PBXNativeTarget section */

/* Begin PBXProject section */
		F39798322736757100E51781 /* Project object */ = {
			isa = PBXProject;
			attributes = {
				BuildIndependentTargetsInParallel = 1;
				LastSwiftUpdateCheck = 1630;
				LastUpgradeCheck = 1630;
				TargetAttributes = {
					F3085F042DC7A93500D98846 = {
						CreatedOnToolsVersion = 16.3;
						TestTargetID = F39798392736757100E51781;
					};
					F39798392736757100E51781 = {
						CreatedOnToolsVersion = 13.1;
					};
				};
			};
			buildConfigurationList = F39798352736757100E51781 /* Build configuration list for PBXProject "Kartoshka pro" */;
			compatibilityVersion = "Xcode 13.0";
			developmentRegion = en;
			hasScannedForEncodings = 0;
			knownRegions = (
				en,
				Base,
			);
			mainGroup = F39798312736757100E51781;
			productRefGroup = F397983B2736757100E51781 /* Products */;
			projectDirPath = "";
			projectRoot = "";
			targets = (
				F39798392736757100E51781 /* Kartoshka pro */,
				F3085F042DC7A93500D98846 /* Kartoshka proUITests */,
			);
		};
/* End PBXProject section */

/* Begin PBXResourcesBuildPhase section */
		F3085F032DC7A93500D98846 /* Resources */ = {
			isa = PBXResourcesBuildPhase;
			buildActionMask = 2147483647;
			files = (
			);
			runOnlyForDeploymentPostprocessing = 0;
		};
		F39798382736757100E51781 /* Resources */ = {
			isa = PBXResourcesBuildPhase;
			buildActionMask = 2147483647;
			files = (
				F3085E9C2DC7637900D98846 /* LICENSE in Resources */,
				F3085E9D2DC7637900D98846 /* README.md in Resources */,
				F39798452736757300E51781 /* Preview Assets.xcassets in Resources */,
				F39798422736757300E51781 /* Assets.xcassets in Resources */,
				F3085E792DC664CA00D98846 /* nutrients.json in Resources */,
			);
			runOnlyForDeploymentPostprocessing = 0;
		};
/* End PBXResourcesBuildPhase section */

/* Begin PBXSourcesBuildPhase section */
		F3085F012DC7A93500D98846 /* Sources */ = {
			isa = PBXSourcesBuildPhase;
			buildActionMask = 2147483647;
			files = (
			);
			runOnlyForDeploymentPostprocessing = 0;
		};
		F39798362736757100E51781 /* Sources */ = {
			isa = PBXSourcesBuildPhase;
			buildActionMask = 2147483647;
			files = (
				F3085E972DC67D8D00D98846 /* Config.swift in Sources */,
				F397983E2736757100E51781 /* Kartoshka_proApp.swift in Sources */,
			);
			runOnlyForDeploymentPostprocessing = 0;
		};
/* End PBXSourcesBuildPhase section */

/* Begin PBXTargetDependency section */
		F3085F0C2DC7A93500D98846 /* PBXTargetDependency */ = {
			isa = PBXTargetDependency;
			target = F39798392736757100E51781 /* Kartoshka pro */;
			targetProxy = F3085F0B2DC7A93500D98846 /* PBXContainerItemProxy */;
		};
/* End PBXTargetDependency section */

/* Begin XCBuildConfiguration section */
		F3085F0E2DC7A93500D98846 /* Debug */ = {
			isa = XCBuildConfiguration;
			buildSettings = {
				CLANG_CXX_LANGUAGE_STANDARD = "gnu++20";
				CODE_SIGN_STYLE = Automatic;
				CURRENT_PROJECT_VERSION = 1;
				DEVELOPMENT_TEAM = 5283YMQAC3;
				GCC_C_LANGUAGE_STANDARD = gnu17;
				GENERATE_INFOPLIST_FILE = YES;
				IPHONEOS_DEPLOYMENT_TARGET = 15.6;
				LOCALIZATION_PREFERS_STRING_CATALOGS = YES;
				MARKETING_VERSION = 1.0;
				PRODUCT_BUNDLE_IDENTIFIER = "site.knyazev.Kartoshka-proUITests";
				PRODUCT_NAME = "$(TARGET_NAME)";
				SWIFT_ACTIVE_COMPILATION_CONDITIONS = "DEBUG $(inherited)";
				SWIFT_EMIT_LOC_STRINGS = NO;
				SWIFT_VERSION = 5.0;
				TARGETED_DEVICE_FAMILY = "1,2";
				TEST_TARGET_NAME = "Kartoshka pro";
			};
			name = Debug;
		};
		F3085F0F2DC7A93500D98846 /* Release */ = {
			isa = XCBuildConfiguration;
			buildSettings = {
				CLANG_CXX_LANGUAGE_STANDARD = "gnu++20";
				CODE_SIGN_STYLE = Automatic;
				CURRENT_PROJECT_VERSION = 1;
				DEVELOPMENT_TEAM = 5283YMQAC3;
				GCC_C_LANGUAGE_STANDARD = gnu17;
				GENERATE_INFOPLIST_FILE = YES;
				IPHONEOS_DEPLOYMENT_TARGET = 15.6;
				LOCALIZATION_PREFERS_STRING_CATALOGS = YES;
				MARKETING_VERSION = 1.0;
				PRODUCT_BUNDLE_IDENTIFIER = "site.knyazev.Kartoshka-proUITests";
				PRODUCT_NAME = "$(TARGET_NAME)";
				SWIFT_EMIT_LOC_STRINGS = NO;
				SWIFT_VERSION = 5.0;
				TARGETED_DEVICE_FAMILY = "1,2";
				TEST_TARGET_NAME = "Kartoshka pro";
			};
			name = Release;
		};
		F39798462736757300E51781 /* Debug */ = {
			isa = XCBuildConfiguration;
			buildSettings = {
				ALWAYS_SEARCH_USER_PATHS = NO;
				ASSETCATALOG_COMPILER_GENERATE_SWIFT_ASSET_SYMBOL_EXTENSIONS = YES;
				CLANG_ANALYZER_NONNULL = YES;
				CLANG_ANALYZER_NUMBER_OBJECT_CONVERSION = YES_AGGRESSIVE;
				CLANG_CXX_LANGUAGE_STANDARD = "gnu++17";
				CLANG_CXX_LIBRARY = "libc++";
				CLANG_ENABLE_MODULES = YES;
				CLANG_ENABLE_OBJC_ARC = YES;
				CLANG_ENABLE_OBJC_WEAK = YES;
				CLANG_WARN_BLOCK_CAPTURE_AUTORELEASING = YES;
				CLANG_WARN_BOOL_CONVERSION = YES;
				CLANG_WARN_COMMA = YES;
				CLANG_WARN_CONSTANT_CONVERSION = YES;
				CLANG_WARN_DEPRECATED_OBJC_IMPLEMENTATIONS = YES;
				CLANG_WARN_DIRECT_OBJC_ISA_USAGE = YES_ERROR;
				CLANG_WARN_DOCUMENTATION_COMMENTS = YES;
				CLANG_WARN_EMPTY_BODY = YES;
				CLANG_WARN_ENUM_CONVERSION = YES;
				CLANG_WARN_INFINITE_RECURSION = YES;
				CLANG_WARN_INT_CONVERSION = YES;
				CLANG_WARN_NON_LITERAL_NULL_CONVERSION = YES;
				CLANG_WARN_OBJC_IMPLICIT_RETAIN_SELF = YES;
				CLANG_WARN_OBJC_LITERAL_CONVERSION = YES;
				CLANG_WARN_OBJC_ROOT_CLASS = YES_ERROR;
				CLANG_WARN_QUOTED_INCLUDE_IN_FRAMEWORK_HEADER = YES;
				CLANG_WARN_RANGE_LOOP_ANALYSIS = YES;
				CLANG_WARN_STRICT_PROTOTYPES = YES;
				CLANG_WARN_SUSPICIOUS_MOVE = YES;
				CLANG_WARN_UNGUARDED_AVAILABILITY = YES_AGGRESSIVE;
				CLANG_WARN_UNREACHABLE_CODE = YES;
				CLANG_WARN__DUPLICATE_METHOD_MATCH = YES;
				COPY_PHASE_STRIP = NO;
				DEBUG_INFORMATION_FORMAT = dwarf;
				DEVELOPMENT_TEAM = 5283YMQAC3;
				ENABLE_STRICT_OBJC_MSGSEND = YES;
				ENABLE_TESTABILITY = YES;
				ENABLE_USER_SCRIPT_SANDBOXING = YES;
				GCC_C_LANGUAGE_STANDARD = gnu11;
				GCC_DYNAMIC_NO_PIC = NO;
				GCC_NO_COMMON_BLOCKS = YES;
				GCC_OPTIMIZATION_LEVEL = 0;
				GCC_PREPROCESSOR_DEFINITIONS = (
					"DEBUG=1",
					"$(inherited)",
				);
				GCC_WARN_64_TO_32_BIT_CONVERSION = YES;
				GCC_WARN_ABOUT_RETURN_TYPE = YES_ERROR;
				GCC_WARN_UNDECLARED_SELECTOR = YES;
				GCC_WARN_UNINITIALIZED_AUTOS = YES_AGGRESSIVE;
				GCC_WARN_UNUSED_FUNCTION = YES;
				GCC_WARN_UNUSED_VARIABLE = YES;
				IPHONEOS_DEPLOYMENT_TARGET = 15.0;
				MTL_ENABLE_DEBUG_INFO = INCLUDE_SOURCE;
				MTL_FAST_MATH = YES;
				ONLY_ACTIVE_ARCH = YES;
				SDKROOT = iphoneos;
				SWIFT_ACTIVE_COMPILATION_CONDITIONS = DEBUG;
				SWIFT_OPTIMIZATION_LEVEL = "-Onone";
			};
			name = Debug;
		};
		F39798472736757300E51781 /* Release */ = {
			isa = XCBuildConfiguration;
			buildSettings = {
				ALWAYS_SEARCH_USER_PATHS = NO;
				ASSETCATALOG_COMPILER_GENERATE_SWIFT_ASSET_SYMBOL_EXTENSIONS = YES;
				CLANG_ANALYZER_NONNULL = YES;
				CLANG_ANALYZER_NUMBER_OBJECT_CONVERSION = YES_AGGRESSIVE;
				CLANG_CXX_LANGUAGE_STANDARD = "gnu++17";
				CLANG_CXX_LIBRARY = "libc++";
				CLANG_ENABLE_MODULES = YES;
				CLANG_ENABLE_OBJC_ARC = YES;
				CLANG_ENABLE_OBJC_WEAK = YES;
				CLANG_WARN_BLOCK_CAPTURE_AUTORELEASING = YES;
				CLANG_WARN_BOOL_CONVERSION = YES;
				CLANG_WARN_COMMA = YES;
				CLANG_WARN_CONSTANT_CONVERSION = YES;
				CLANG_WARN_DEPRECATED_OBJC_IMPLEMENTATIONS = YES;
				CLANG_WARN_DIRECT_OBJC_ISA_USAGE = YES_ERROR;
				CLANG_WARN_DOCUMENTATION_COMMENTS = YES;
				CLANG_WARN_EMPTY_BODY = YES;
				CLANG_WARN_ENUM_CONVERSION = YES;
				CLANG_WARN_INFINITE_RECURSION = YES;
				CLANG_WARN_INT_CONVERSION = YES;
				CLANG_WARN_NON_LITERAL_NULL_CONVERSION = YES;
				CLANG_WARN_OBJC_IMPLICIT_RETAIN_SELF = YES;
				CLANG_WARN_OBJC_LITERAL_CONVERSION = YES;
				CLANG_WARN_OBJC_ROOT_CLASS = YES_ERROR;
				CLANG_WARN_QUOTED_INCLUDE_IN_FRAMEWORK_HEADER = YES;
				CLANG_WARN_RANGE_LOOP_ANALYSIS = YES;
				CLANG_WARN_STRICT_PROTOTYPES = YES;
				CLANG_WARN_SUSPICIOUS_MOVE = YES;
				CLANG_WARN_UNGUARDED_AVAILABILITY = YES_AGGRESSIVE;
				CLANG_WARN_UNREACHABLE_CODE = YES;
				CLANG_WARN__DUPLICATE_METHOD_MATCH = YES;
				COPY_PHASE_STRIP = NO;
				DEBUG_INFORMATION_FORMAT = "dwarf-with-dsym";
				DEVELOPMENT_TEAM = 5283YMQAC3;
				ENABLE_NS_ASSERTIONS = NO;
				ENABLE_STRICT_OBJC_MSGSEND = YES;
				ENABLE_USER_SCRIPT_SANDBOXING = YES;
				GCC_C_LANGUAGE_STANDARD = gnu11;
				GCC_NO_COMMON_BLOCKS = YES;
				GCC_WARN_64_TO_32_BIT_CONVERSION = YES;
				GCC_WARN_ABOUT_RETURN_TYPE = YES_ERROR;
				GCC_WARN_UNDECLARED_SELECTOR = YES;
				GCC_WARN_UNINITIALIZED_AUTOS = YES_AGGRESSIVE;
				GCC_WARN_UNUSED_FUNCTION = YES;
				GCC_WARN_UNUSED_VARIABLE = YES;
				IPHONEOS_DEPLOYMENT_TARGET = 15.0;
				MTL_ENABLE_DEBUG_INFO = NO;
				MTL_FAST_MATH = YES;
				SDKROOT = iphoneos;
				SWIFT_COMPILATION_MODE = wholemodule;
				SWIFT_OPTIMIZATION_LEVEL = "-O";
				VALIDATE_PRODUCT = YES;
			};
			name = Release;
		};
		F39798492736757300E51781 /* Debug */ = {
			isa = XCBuildConfiguration;
			buildSettings = {
				ASSETCATALOG_COMPILER_APPICON_NAME = AppIcon;
				ASSETCATALOG_COMPILER_GLOBAL_ACCENT_COLOR_NAME = AccentColor;
				CODE_SIGN_STYLE = Automatic;
				CURRENT_PROJECT_VERSION = 1;
				DEVELOPMENT_ASSET_PATHS = "\"Kartoshka pro/Preview Content\"";
				ENABLE_PREVIEWS = YES;
				GENERATE_INFOPLIST_FILE = YES;
				INFOPLIST_KEY_UIApplicationSceneManifest_Generation = YES;
				INFOPLIST_KEY_UIApplicationSupportsIndirectInputEvents = YES;
				INFOPLIST_KEY_UILaunchScreen_Generation = YES;
				INFOPLIST_KEY_UISupportedInterfaceOrientations_iPad = "UIInterfaceOrientationPortrait UIInterfaceOrientationPortraitUpsideDown UIInterfaceOrientationLandscapeLeft UIInterfaceOrientationLandscapeRight";
				INFOPLIST_KEY_UISupportedInterfaceOrientations_iPhone = "UIInterfaceOrientationPortrait UIInterfaceOrientationLandscapeLeft UIInterfaceOrientationLandscapeRight";
				LD_RUNPATH_SEARCH_PATHS = (
					"$(inherited)",
					"@executable_path/Frameworks",
				);
				MARKETING_VERSION = 1.0;
				PRODUCT_BUNDLE_IDENTIFIER = site.knyazev.kartoshkapro;
				PRODUCT_NAME = "$(TARGET_NAME)";
				SWIFT_EMIT_LOC_STRINGS = YES;
				SWIFT_VERSION = 5.0;
				TARGETED_DEVICE_FAMILY = "1,2";
			};
			name = Debug;
		};
		F397984A2736757300E51781 /* Release */ = {
			isa = XCBuildConfiguration;
			buildSettings = {
				ASSETCATALOG_COMPILER_APPICON_NAME = AppIcon;
				ASSETCATALOG_COMPILER_GLOBAL_ACCENT_COLOR_NAME = AccentColor;
				CODE_SIGN_STYLE = Automatic;
				CURRENT_PROJECT_VERSION = 1;
				DEVELOPMENT_ASSET_PATHS = "\"Kartoshka pro/Preview Content\"";
				ENABLE_PREVIEWS = YES;
				GENERATE_INFOPLIST_FILE = YES;
				INFOPLIST_KEY_UIApplicationSceneManifest_Generation = YES;
				INFOPLIST_KEY_UIApplicationSupportsIndirectInputEvents = YES;
				INFOPLIST_KEY_UILaunchScreen_Generation = YES;
				INFOPLIST_KEY_UISupportedInterfaceOrientations_iPad = "UIInterfaceOrientationPortrait UIInterfaceOrientationPortraitUpsideDown UIInterfaceOrientationLandscapeLeft UIInterfaceOrientationLandscapeRight";
				INFOPLIST_KEY_UISupportedInterfaceOrientations_iPhone = "UIInterfaceOrientationPortrait UIInterfaceOrientationLandscapeLeft UIInterfaceOrientationLandscapeRight";
				LD_RUNPATH_SEARCH_PATHS = (
					"$(inherited)",
					"@executable_path/Frameworks",
				);
				MARKETING_VERSION = 1.0;
				PRODUCT_BUNDLE_IDENTIFIER = site.knyazev.kartoshkapro;
				PRODUCT_NAME = "$(TARGET_NAME)";
				SWIFT_EMIT_LOC_STRINGS = YES;
				SWIFT_VERSION = 5.0;
				TARGETED_DEVICE_FAMILY = "1,2";
			};
			name = Release;
		};
/* End XCBuildConfiguration section */

/* Begin XCConfigurationList section */
		F3085F0D2DC7A93500D98846 /* Build configuration list for PBXNativeTarget "Kartoshka proUITests" */ = {
			isa = XCConfigurationList;
			buildConfigurations = (
				F3085F0E2DC7A93500D98846 /* Debug */,
				F3085F0F2DC7A93500D98846 /* Release */,
			);
			defaultConfigurationIsVisible = 0;
			defaultConfigurationName = Release;
		};
		F39798352736757100E51781 /* Build configuration list for PBXProject "Kartoshka pro" */ = {
			isa = XCConfigurationList;
			buildConfigurations = (
				F39798462736757300E51781 /* Debug */,
				F39798472736757300E51781 /* Release */,
			);
			defaultConfigurationIsVisible = 0;
			defaultConfigurationName = Release;
		};
		F39798482736757300E51781 /* Build configuration list for PBXNativeTarget "Kartoshka pro" */ = {
			isa = XCConfigurationList;
			buildConfigurations = (
				F39798492736757300E51781 /* Debug */,
				F397984A2736757300E51781 /* Release */,
			);
			defaultConfigurationIsVisible = 0;
			defaultConfigurationName = Release;
		};
/* End XCConfigurationList section */
	};
	rootObject = F39798322736757100E51781 /* Project object */;
}
